# THIS IS AN AUTOGENERATED FILE. DO NOT EDIT THIS FILE DIRECTLY.
# yarn lockfile v1


qtail-js@^1.0.1-beta.0:
  version "1.0.1-beta.0"
  resolved "https://mirrors.huaweicloud.com/repository/npm/qtail-js/-/qtail-js-1.0.1-beta.0.tgz#717c5f362c98c4f231c8a88272a5da9974c524fb"
  integrity sha512-tyIVRlDTFAdBIO9FfA/9Ny+4CXh8SZvvg2zFrSHLsHw0E0fcDSD4G/n/pGDrnKk98VBfaWb320HZ4QvGDi7RZw==

typescript@^5.6.3:
  version "5.6.3"
  resolved "https://registry.yarnpkg.com/typescript/-/typescript-5.6.3.tgz#5f3449e31c9d94febb17de03cc081dd56d81db5b"
  integrity sha512-hjcS1mhfuyi4WW8IWtjP7brDrG2cuDZukyrYrSauoXGNgx0S7zceP07adYkJycEr56BOUTNPzbInooiN3fn1qw==
