# This file is generated by running "yarn install" inside your project.
# Manual changes might be lost - proceed with caution!

__metadata:
  version: 8
  cacheKey: 10c0

"@latedream/koishi-plugin-qtail@workspace:.":
  version: 0.0.0-use.local
  resolution: "@latedream/koishi-plugin-qtail@workspace:."
  dependencies:
    qtail-js: "npm:^2.0.0"
    typescript: "npm:^5.6.3"
  peerDependencies:
    koishi: ^4.3.2
  languageName: unknown
  linkType: soft

"qtail-js@npm:^2.0.0":
  version: 2.1.1
  resolution: "qtail-js@npm:2.1.1"
  checksum: 10c0/80ae336c0a6eeba4a3e1e76255074ef7505f249bbb28b2f1ab14ef5e5b89b2d12864b6d27c57549f9e3732e5f03193ff5bd6d40255ca2bed5eb716d313448518
  languageName: node
  linkType: hard

"typescript@npm:^5.6.3":
  version: 5.9.2
  resolution: "typescript@npm:5.9.2"
  bin:
    tsc: bin/tsc
    tsserver: bin/tsserver
  checksum: 10c0/cd635d50f02d6cf98ed42de2f76289701c1ec587a363369255f01ed15aaf22be0813226bff3c53e99d971f9b540e0b3cc7583dbe05faded49b1b0bed2f638a18
  languageName: node
  linkType: hard

"typescript@patch:typescript@npm%3A^5.6.3#optional!builtin<compat/typescript>":
  version: 5.9.2
  resolution: "typescript@patch:typescript@npm%3A5.9.2#optional!builtin<compat/typescript>::version=5.9.2&hash=8c6c40"
  bin:
    tsc: bin/tsc
    tsserver: bin/tsserver
  checksum: 10c0/66fc07779427a7c3fa97da0cf2e62595eaff2cea4594d45497d294bfa7cb514d164f0b6ce7a5121652cf44c0822af74e29ee579c771c405e002d1f23cf06bfde
  languageName: node
  linkType: hard
