# This file is generated by running "yarn install" inside your project.
# Manual changes might be lost - proceed with caution!

__metadata:
  version: 8
  cacheKey: 10c0

"@latedream/koishi-plugin-qtail@workspace:.":
  version: 0.0.0-use.local
  resolution: "@latedream/koishi-plugin-qtail@workspace:."
  dependencies:
    qtail-js: "npm:^2.0.0"
    qtail-js-types: "npm:^1.0.1"
    typescript: "npm:^5.6.3"
  peerDependencies:
    koishi: ^4.3.2
  languageName: unknown
  linkType: soft

"qtail-js-types@npm:^1.0.1":
  version: 1.0.1
  resolution: "qtail-js-types@npm:1.0.1"
  dependencies:
    qtail-js: "npm:^1.0.1-beta.0"
  checksum: 10c0/984fcaa1344e66a420a1256f235b06faa20de3b8699b0650b1aa564a1e0a35ec91797985c05cc684e63929ae207183bbdae394c32b63f733eb91cece0b592313
  languageName: node
  linkType: hard

"qtail-js@npm:^1.0.1-beta.0":
  version: 1.0.2
  resolution: "qtail-js@npm:1.0.2"
  checksum: 10c0/0ec5cc0b0c1ae3ea2ce1922a9342477898ea5c48ba3b9622f97451a877b9a83d423f38e543a2c3d65395db17753117503501cb379cd803f180ced26e549e0aab
  languageName: node
  linkType: hard

"qtail-js@npm:^2.0.0":
  version: 2.0.0
  resolution: "qtail-js@npm:2.0.0"
  checksum: 10c0/4bf9b2d051d0a3365e20924dc89d48ccfcdc8ca46eadea7ce367f698c82c10d0e82877fce51dad0c1c8c33a025c8d5b4a8de94978e19f870ed47cb83699adc9c
  languageName: node
  linkType: hard

"typescript@npm:^5.6.3":
  version: 5.8.2
  resolution: "typescript@npm:5.8.2"
  bin:
    tsc: bin/tsc
    tsserver: bin/tsserver
  checksum: 10c0/5c4f6fbf1c6389b6928fe7b8fcd5dc73bb2d58cd4e3883f1d774ed5bd83b151cbac6b7ecf11723de56d4676daeba8713894b1e9af56174f2f9780ae7848ec3c6
  languageName: node
  linkType: hard

"typescript@patch:typescript@npm%3A^5.6.3#optional!builtin<compat/typescript>":
  version: 5.8.2
  resolution: "typescript@patch:typescript@npm%3A5.8.2#optional!builtin<compat/typescript>::version=5.8.2&hash=8c6c40"
  bin:
    tsc: bin/tsc
    tsserver: bin/tsserver
  checksum: 10c0/8a6cd29dfb59bd5a978407b93ae0edb530ee9376a5b95a42ad057a6f80ffb0c410489ccd6fe48d1d0dfad6e8adf5d62d3874bbd251f488ae30e11a1ce6dabd28
  languageName: node
  linkType: hard
